{
  "name": "@zeyos/cli",
  "version": "0.4.1",
  "lockfileVersion": 3,
  "requires": true,
  "packages": {
    "": {
      "name": "@zeyos/cli",
      "version": "0.4.1",
      "license": "MIT",
      "dependencies": {
        "@zeyos/client": "^0.4.1"
      },
      "bin": {
        "zeyos": "bin/zeyos.mjs"
      },
      "engines": {
        "node": ">=18.3"
      }
    }
  }
}
