{
  "name": "@zeyos/cli",
  "version": "0.1.1",
  "lockfileVersion": 3,
  "requires": true,
  "packages": {
    "": {
      "name": "@zeyos/cli",
      "version": "0.1.1",
      "license": "UNLICENSED",
      "dependencies": {
        "@zeyos/client": "0.1.0"
      },
      "bin": {
        "zeyos": "bin/zeyos.mjs"
      },
      "engines": {
        "node": ">=18.3"
      }
    }
  }
}
