{
  "name": "@zeyos/cli",
  "version": "0.1.0",
  "lockfileVersion": 3,
  "requires": true,
  "packages": {
    "": {
      "name": "@zeyos/cli",
      "version": "0.1.0",
      "license": "UNLICENSED",
      "dependencies": {
        "@zeyos/client": "file:../"
      },
      "bin": {
        "zeyos": "bin/zeyos.mjs"
      },
      "engines": {
        "node": ">=18.3"
      }
    },
    "..": {
      "name": "@zeyos/client",
      "version": "0.1.0",
      "license": "UNLICENSED",
      "engines": {
        "node": ">=18"
      }
    },
    "node_modules/@zeyos/client": {
      "resolved": "..",
      "link": true
    }
  }
}
